
Microsoft Visual Studio Solution File, Format Version 12.00
# Visual Studio Version 16
VisualStudioVersion = 16.0.32106.194
MinimumVisualStudioVersion = 10.0.40219.1
Project("{FAE04EC0-301F-11D3-BF4B-00C04F79EFBC}") = "LoopsandRandomNumbers", "LoopsandRandomNumbers\LoopsandRandomNumbers.csproj", "{532F64B7-D3BA-4576-A8E3-447755C574D2}"
EndProject
Project("{FAE04EC0-301F-11D3-BF4B-00C04F79EFBC}") = "PINinfiniteloop", "PINinfiniteloop\PINinfiniteloop.csproj", "{A57E7BA5-48B6-47A1-9C26-81A033EB1018}"
EndProject
Project("{FAE04EC0-301F-11D3-BF4B-00C04F79EFBC}") = "RandomNumber", "RandomNumber\RandomNumber.csproj", "{B7D248D6-DC0D-4496-B3EA-6F16DC2B2769}"
EndProject
Project("{FAE04EC0-301F-11D3-BF4B-00C04F79EFBC}") = "InfiniteGuessingGame", "InfiniteGuessingGame\InfiniteGuessingGame.csproj", "{DB6F73FA-D69C-4228-ACD7-5735D4BFDECF}"
EndProject
Project("{FAE04EC0-301F-11D3-BF4B-00C04F79EFBC}") = "3TryGuessingGame", "3TryGuessingGame\3TryGuessingGame.csproj", "{3AD338BE-D08E-43DD-B5B5-BA053D4B95C2}"
EndProject
Global
	GlobalSection(SolutionConfigurationPlatforms) = preSolution
		Debug|Any CPU = Debug|Any CPU
		Release|Any CPU = Release|Any CPU
	EndGlobalSection
	GlobalSection(ProjectConfigurationPlatforms) = postSolution
		{532F64B7-D3BA-4576-A8E3-447755C574D2}.Debug|Any CPU.ActiveCfg = Debug|Any CPU
		{532F64B7-D3BA-4576-A8E3-447755C574D2}.Debug|Any CPU.Build.0 = Debug|Any CPU
		{532F64B7-D3BA-4576-A8E3-447755C574D2}.Release|Any CPU.ActiveCfg = Release|Any CPU
		{532F64B7-D3BA-4576-A8E3-447755C574D2}.Release|Any CPU.Build.0 = Release|Any CPU
		{A57E7BA5-48B6-47A1-9C26-81A033EB1018}.Debug|Any CPU.ActiveCfg = Debug|Any CPU
		{A57E7BA5-48B6-47A1-9C26-81A033EB1018}.Debug|Any CPU.Build.0 = Debug|Any CPU
		{A57E7BA5-48B6-47A1-9C26-81A033EB1018}.Release|Any CPU.ActiveCfg = Release|Any CPU
		{A57E7BA5-48B6-47A1-9C26-81A033EB1018}.Release|Any CPU.Build.0 = Release|Any CPU
		{B7D248D6-DC0D-4496-B3EA-6F16DC2B2769}.Debug|Any CPU.ActiveCfg = Debug|Any CPU
		{B7D248D6-DC0D-4496-B3EA-6F16DC2B2769}.Debug|Any CPU.Build.0 = Debug|Any CPU
		{B7D248D6-DC0D-4496-B3EA-6F16DC2B2769}.Release|Any CPU.ActiveCfg = Release|Any CPU
		{B7D248D6-DC0D-4496-B3EA-6F16DC2B2769}.Release|Any CPU.Build.0 = Release|Any CPU
		{DB6F73FA-D69C-4228-ACD7-5735D4BFDECF}.Debug|Any CPU.ActiveCfg = Debug|Any CPU
		{DB6F73FA-D69C-4228-ACD7-5735D4BFDECF}.Debug|Any CPU.Build.0 = Debug|Any CPU
		{DB6F73FA-D69C-4228-ACD7-5735D4BFDECF}.Release|Any CPU.ActiveCfg = Release|Any CPU
		{DB6F73FA-D69C-4228-ACD7-5735D4BFDECF}.Release|Any CPU.Build.0 = Release|Any CPU
		{3AD338BE-D08E-43DD-B5B5-BA053D4B95C2}.Debug|Any CPU.ActiveCfg = Debug|Any CPU
		{3AD338BE-D08E-43DD-B5B5-BA053D4B95C2}.Debug|Any CPU.Build.0 = Debug|Any CPU
		{3AD338BE-D08E-43DD-B5B5-BA053D4B95C2}.Release|Any CPU.ActiveCfg = Release|Any CPU
		{3AD338BE-D08E-43DD-B5B5-BA053D4B95C2}.Release|Any CPU.Build.0 = Release|Any CPU
	EndGlobalSection
	GlobalSection(SolutionProperties) = preSolution
		HideSolutionNode = FALSE
	EndGlobalSection
	GlobalSection(ExtensibilityGlobals) = postSolution
		SolutionGuid = {86CEC402-0FDD-4E39-A367-F4344D0367B4}
	EndGlobalSection
EndGlobal
